
Microsoft Visual Studio Solution File, Format Version 12.00
# Visual Studio Version 17
VisualStudioVersion = 17.9.34701.34
MinimumVisualStudioVersion = 10.0.40219.1
Project("{F184B08F-C81C-45F6-A57F-5ABD9991F28F}") = "Logaresi.Windows", "Logaresi.Windows.vbproj", "{BCF36EBB-3387-4C39-B1C2-925DED8FB901}"
EndProject
Project("{F184B08F-C81C-45F6-A57F-5ABD9991F28F}") = "Logaresi.Negocio", "..\ClassLibrary1\Logaresi.Negocio.vbproj", "{A7C5763C-74AF-4B35-8114-F298DE164E08}"
EndProject
Global
	GlobalSection(SolutionConfigurationPlatforms) = preSolution
		Debug|Any CPU = Debug|Any CPU
		Release|Any CPU = Release|Any CPU
	EndGlobalSection
	GlobalSection(ProjectConfigurationPlatforms) = postSolution
		{BCF36EBB-3387-4C39-B1C2-925DED8FB901}.Debug|Any CPU.ActiveCfg = Debug|Any CPU
		{BCF36EBB-3387-4C39-B1C2-925DED8FB901}.Debug|Any CPU.Build.0 = Debug|Any CPU
		{BCF36EBB-3387-4C39-B1C2-925DED8FB901}.Release|Any CPU.ActiveCfg = Release|Any CPU
		{BCF36EBB-3387-4C39-B1C2-925DED8FB901}.Release|Any CPU.Build.0 = Release|Any CPU
		{A7C5763C-74AF-4B35-8114-F298DE164E08}.Debug|Any CPU.ActiveCfg = Debug|Any CPU
		{A7C5763C-74AF-4B35-8114-F298DE164E08}.Debug|Any CPU.Build.0 = Debug|Any CPU
		{A7C5763C-74AF-4B35-8114-F298DE164E08}.Release|Any CPU.ActiveCfg = Release|Any CPU
		{A7C5763C-74AF-4B35-8114-F298DE164E08}.Release|Any CPU.Build.0 = Release|Any CPU
	EndGlobalSection
	GlobalSection(SolutionProperties) = preSolution
		HideSolutionNode = FALSE
	EndGlobalSection
	GlobalSection(ExtensibilityGlobals) = postSolution
		SolutionGuid = {E80DCC5E-EDB4-4363-BA91-BCF9ECEF91EA}
	EndGlobalSection
EndGlobal
